
Microsoft Visual Studio Solution File, Format Version 12.00
# Visual Studio Version 17
VisualStudioVersion = 17.4.33122.133
MinimumVisualStudioVersion = 10.0.40219.1
Project("{FAE04EC0-301F-11D3-BF4B-00C04F79EFBC}") = "SayiTahminEtOyunu", "SayiTahminEtOyunu\SayiTahminEtOyunu.csproj", "{DE243A62-C41F-47AC-9DE9-6FCB8544BE51}"
EndProject
Global
	GlobalSection(SolutionConfigurationPlatforms) = preSolution
		Debug|Any CPU = Debug|Any CPU
		Release|Any CPU = Release|Any CPU
	EndGlobalSection
	GlobalSection(ProjectConfigurationPlatforms) = postSolution
		{DE243A62-C41F-47AC-9DE9-6FCB8544BE51}.Debug|Any CPU.ActiveCfg = Debug|Any CPU
		{DE243A62-C41F-47AC-9DE9-6FCB8544BE51}.Debug|Any CPU.Build.0 = Debug|Any CPU
		{DE243A62-C41F-47AC-9DE9-6FCB8544BE51}.Release|Any CPU.ActiveCfg = Release|Any CPU
		{DE243A62-C41F-47AC-9DE9-6FCB8544BE51}.Release|Any CPU.Build.0 = Release|Any CPU
	EndGlobalSection
	GlobalSection(SolutionProperties) = preSolution
		HideSolutionNode = FALSE
	EndGlobalSection
	GlobalSection(ExtensibilityGlobals) = postSolution
		SolutionGuid = {394E5981-FD53-413B-8E6C-68C6637BA8D3}
	EndGlobalSection
EndGlobal
